// !$*UTF8*$!
{
	archiveVersion = 1;
	classes = {
	};
	objectVersion = 48;
	objects = {

/* Begin PBXBuildFile section */
		9AA0101422BBE8AF0022C9B9 /* ViewController.swift in Sources */ = {isa = PBXBuildFile; fileRef = 9ABDB3A3219306720009807B /* ViewController.swift */; };
		9AA0101522BBE8AF0022C9B9 /* AppDelegate.swift in Sources */ = {isa = PBXBuildFile; fileRef = 9ABDB3A1219306720009807B /* AppDelegate.swift */; };
		9AA0101822BBE8AF0022C9B9 /* LaunchScreen.storyboard in Resources */ = {isa = PBXBuildFile; fileRef = 9ABDB3AA219306720009807B /* LaunchScreen.storyboard */; };
		9AA0101922BBE8AF0022C9B9 /* Assets.xcassets in Resources */ = {isa = PBXBuildFile; fileRef = 9ABDB3A8219306720009807B /* Assets.xcassets */; };
		9AA0101A22BBE8AF0022C9B9 /* Main.storyboard in Resources */ = {isa = PBXBuildFile; fileRef = 9ABDB3A5219306720009807B /* Main.storyboard */; };
		9AA0102A22BBEB740022C9B9 /* AppDelegate.swift in Sources */ = {isa = PBXBuildFile; fileRef = 9AA0102122BBEB740022C9B9 /* AppDelegate.swift */; };
		9AA0102B22BBEB740022C9B9 /* Assets.xcassets in Resources */ = {isa = PBXBuildFile; fileRef = 9AA0102222BBEB740022C9B9 /* Assets.xcassets */; };
		9AA0102C22BBEB740022C9B9 /* LaunchScreen.storyboard in Resources */ = {isa = PBXBuildFile; fileRef = 9AA0102322BBEB740022C9B9 /* LaunchScreen.storyboard */; };
		9AA0102D22BBEB740022C9B9 /* Main.storyboard in Resources */ = {isa = PBXBuildFile; fileRef = 9AA0102522BBEB740022C9B9 /* Main.storyboard */; };
		9AA0102E22BBEB740022C9B9 /* Development_Info.plist in Resources */ = {isa = PBXBuildFile; fileRef = 9AA0102722BBEB740022C9B9 /* Development_Info.plist */; };
		9AA0102F22BBEB740022C9B9 /* GoogleService-Info.plist in Resources */ = {isa = PBXBuildFile; fileRef = 9AA0102822BBEB740022C9B9 /* GoogleService-Info.plist */; };
		9AA0103022BBEB740022C9B9 /* ViewController.swift in Sources */ = {isa = PBXBuildFile; fileRef = 9AA0102922BBEB740022C9B9 /* ViewController.swift */; };
		9AA0103222BBEB9B0022C9B9 /* Production_Info.plist in Resources */ = {isa = PBXBuildFile; fileRef = 9AA0103122BBEB9A0022C9B9 /* Production_Info.plist */; };
		9ABDB3A2219306720009807B /* AppDelegate.swift in Sources */ = {isa = PBXBuildFile; fileRef = 9ABDB3A1219306720009807B /* AppDelegate.swift */; };
		9ABDB3A4219306720009807B /* ViewController.swift in Sources */ = {isa = PBXBuildFile; fileRef = 9ABDB3A3219306720009807B /* ViewController.swift */; };
		9ABDB3A7219306720009807B /* Main.storyboard in Resources */ = {isa = PBXBuildFile; fileRef = 9ABDB3A5219306720009807B /* Main.storyboard */; };
		9ABDB3A9219306720009807B /* Assets.xcassets in Resources */ = {isa = PBXBuildFile; fileRef = 9ABDB3A8219306720009807B /* Assets.xcassets */; };
		9ABDB3AC219306720009807B /* LaunchScreen.storyboard in Resources */ = {isa = PBXBuildFile; fileRef = 9ABDB3AA219306720009807B /* LaunchScreen.storyboard */; };
/* End PBXBuildFile section */

/* Begin PBXFileReference section */
		9AA0101E22BBE8AF0022C9B9 /* Production.app */ = {isa = PBXFileReference; explicitFileType = wrapper.application; includeInIndex = 0; path = Production.app; sourceTree = BUILT_PRODUCTS_DIR; };
		9AA0102122BBEB740022C9B9 /* AppDelegate.swift */ = {isa = PBXFileReference; fileEncoding = 4; lastKnownFileType = sourcecode.swift; path = AppDelegate.swift; sourceTree = "<group>"; };
		9AA0102222BBEB740022C9B9 /* Assets.xcassets */ = {isa = PBXFileReference; lastKnownFileType = folder.assetcatalog; path = Assets.xcassets; sourceTree = "<group>"; };
		9AA0102422BBEB740022C9B9 /* Base */ = {isa = PBXFileReference; lastKnownFileType = file.storyboard; name = Base; path = Base.lproj/LaunchScreen.storyboard; sourceTree = "<group>"; };
		9AA0102622BBEB740022C9B9 /* Base */ = {isa = PBXFileReference; lastKnownFileType = file.storyboard; name = Base; path = Base.lproj/Main.storyboard; sourceTree = "<group>"; };
		9AA0102722BBEB740022C9B9 /* Development_Info.plist */ = {isa = PBXFileReference; fileEncoding = 4; lastKnownFileType = text.plist.xml; path = Development_Info.plist; sourceTree = "<group>"; };
		9AA0102822BBEB740022C9B9 /* GoogleService-Info.plist */ = {isa = PBXFileReference; fileEncoding = 4; lastKnownFileType = text.plist.xml; path = "GoogleService-Info.plist"; sourceTree = "<group>"; };
		9AA0102922BBEB740022C9B9 /* ViewController.swift */ = {isa = PBXFileReference; fileEncoding = 4; lastKnownFileType = sourcecode.swift; path = ViewController.swift; sourceTree = "<group>"; };
		9AA0103122BBEB9A0022C9B9 /* Production_Info.plist */ = {isa = PBXFileReference; fileEncoding = 4; lastKnownFileType = text.plist.xml; path = Production_Info.plist; sourceTree = "<group>"; };
		9ABDB39E219306720009807B /* Development.app */ = {isa = PBXFileReference; explicitFileType = wrapper.application; includeInIndex = 0; path = Development.app; sourceTree = BUILT_PRODUCTS_DIR; };
		9ABDB3A1219306720009807B /* AppDelegate.swift */ = {isa = PBXFileReference; lastKnownFileType = sourcecode.swift; path = AppDelegate.swift; sourceTree = "<group>"; };
		9ABDB3A3219306720009807B /* ViewController.swift */ = {isa = PBXFileReference; lastKnownFileType = sourcecode.swift; path = ViewController.swift; sourceTree = "<group>"; };
		9ABDB3A6219306720009807B /* Base */ = {isa = PBXFileReference; lastKnownFileType = file.storyboard; name = Base; path = Base.lproj/Main.storyboard; sourceTree = "<group>"; };
		9ABDB3A8219306720009807B /* Assets.xcassets */ = {isa = PBXFileReference; lastKnownFileType = folder.assetcatalog; path = Assets.xcassets; sourceTree = "<group>"; };
		9ABDB3AB219306720009807B /* Base */ = {isa = PBXFileReference; lastKnownFileType = file.storyboard; name = Base; path = Base.lproj/LaunchScreen.storyboard; sourceTree = "<group>"; };
		9ABDB3AD219306720009807B /* Development_Info.plist */ = {isa = PBXFileReference; lastKnownFileType = text.plist.xml; path = Development_Info.plist; sourceTree = "<group>"; };
/* End PBXFileReference section */

/* Begin PBXFrameworksBuildPhase section */
		9AA0101622BBE8AF0022C9B9 /* Frameworks */ = {
			isa = PBXFrameworksBuildPhase;
			buildActionMask = 2147483647;
			files = (
			);
			runOnlyForDeploymentPostprocessing = 0;
		};
		9ABDB39B219306720009807B /* Frameworks */ = {
			isa = PBXFrameworksBuildPhase;
			buildActionMask = 2147483647;
			files = (
			);
			runOnlyForDeploymentPostprocessing = 0;
		};
/* End PBXFrameworksBuildPhase section */

/* Begin PBXGroup section */
		9AA0102022BBEB740022C9B9 /* TestSwift */ = {
			isa = PBXGroup;
			children = (
				9AA0102122BBEB740022C9B9 /* AppDelegate.swift */,
				9AA0102222BBEB740022C9B9 /* Assets.xcassets */,
				9AA0102322BBEB740022C9B9 /* LaunchScreen.storyboard */,
				9AA0102522BBEB740022C9B9 /* Main.storyboard */,
				9AA0102722BBEB740022C9B9 /* Development_Info.plist */,
				9AA0102822BBEB740022C9B9 /* GoogleService-Info.plist */,
				9AA0102922BBEB740022C9B9 /* ViewController.swift */,
			);
			name = TestSwift;
			sourceTree = "<group>";
		};
		9ABDB395219306720009807B = {
			isa = PBXGroup;
			children = (
				9ABDB3A0219306720009807B /* TestSwift */,
				9ABDB39F219306720009807B /* Products */,
			);
			sourceTree = "<group>";
		};
		9ABDB39F219306720009807B /* Products */ = {
			isa = PBXGroup;
			children = (
				9ABDB39E219306720009807B /* Development.app */,
				9AA0101E22BBE8AF0022C9B9 /* Production.app */,
			);
			name = Products;
			sourceTree = "<group>";
		};
		9ABDB3A0219306720009807B /* TestSwift */ = {
			isa = PBXGroup;
			children = (
				9ABDB3A1219306720009807B /* AppDelegate.swift */,
				9ABDB3A3219306720009807B /* ViewController.swift */,
				9ABDB3A5219306720009807B /* Main.storyboard */,
				9ABDB3A8219306720009807B /* Assets.xcassets */,
				9ABDB3AA219306720009807B /* LaunchScreen.storyboard */,
				9ABDB3AD219306720009807B /* Development_Info.plist */,
				9AA0103122BBEB9A0022C9B9 /* Production_Info.plist */,
				9AA0102022BBEB740022C9B9 /* TestSwift */,
			);
			path = TestSwift;
			sourceTree = "<group>";
		};
/* End PBXGroup section */

/* Begin PBXNativeTarget section */
		9AA0101222BBE8AF0022C9B9 /* Production */ = {
			isa = PBXNativeTarget;
			buildConfigurationList = 9AA0101B22BBE8AF0022C9B9 /* Build configuration list for PBXNativeTarget "Production" */;
			buildPhases = (
				9AA0101322BBE8AF0022C9B9 /* Sources */,
				9AA0101622BBE8AF0022C9B9 /* Frameworks */,
				9AA0101722BBE8AF0022C9B9 /* Resources */,
			);
			buildRules = (
			);
			dependencies = (
			);
			name = Production;
			productName = TestSwift;
			productReference = 9AA0101E22BBE8AF0022C9B9 /* Production.app */;
			productType = "com.apple.product-type.application";
		};
		9ABDB39D219306720009807B /* Development */ = {
			isa = PBXNativeTarget;
			buildConfigurationList = 9ABDB3B0219306720009807B /* Build configuration list for PBXNativeTarget "Development" */;
			buildPhases = (
				9ABDB39A219306720009807B /* Sources */,
				9ABDB39B219306720009807B /* Frameworks */,
				9ABDB39C219306720009807B /* Resources */,
			);
			buildRules = (
			);
			dependencies = (
			);
			name = Development;
			productName = TestSwift;
			productReference = 9ABDB39E219306720009807B /* Development.app */;
			productType = "com.apple.product-type.application";
		};
/* End PBXNativeTarget section */

/* Begin PBXProject section */
		9ABDB396219306720009807B /* Project object */ = {
			isa = PBXProject;
			attributes = {
				LastSwiftUpdateCheck = 0920;
				LastUpgradeCheck = 0920;
				ORGANIZATIONNAME = Macmini;
				TargetAttributes = {
					9AA0101222BBE8AF0022C9B9 = {
						ProvisioningStyle = Automatic;
					};
					9ABDB39D219306720009807B = {
						CreatedOnToolsVersion = 9.2;
						ProvisioningStyle = Automatic;
					};
				};
			};
			buildConfigurationList = 9ABDB399219306720009807B /* Build configuration list for PBXProject "TestSwift" */;
			compatibilityVersion = "Xcode 8.0";
			developmentRegion = en;
			hasScannedForEncodings = 0;
			knownRegions = (
				en,
				Base,
			);
			mainGroup = 9ABDB395219306720009807B;
			productRefGroup = 9ABDB39F219306720009807B /* Products */;
			projectDirPath = "";
			projectRoot = "";
			targets = (
				9ABDB39D219306720009807B /* Development */,
				9AA0101222BBE8AF0022C9B9 /* Production */,
			);
		};
/* End PBXProject section */

/* Begin PBXResourcesBuildPhase section */
		9AA0101722BBE8AF0022C9B9 /* Resources */ = {
			isa = PBXResourcesBuildPhase;
			buildActionMask = 2147483647;
			files = (
				9AA0101822BBE8AF0022C9B9 /* LaunchScreen.storyboard in Resources */,
				9AA0103222BBEB9B0022C9B9 /* Production_Info.plist in Resources */,
				9AA0101922BBE8AF0022C9B9 /* Assets.xcassets in Resources */,
				9AA0101A22BBE8AF0022C9B9 /* Main.storyboard in Resources */,
			);
			runOnlyForDeploymentPostprocessing = 0;
		};
		9ABDB39C219306720009807B /* Resources */ = {
			isa = PBXResourcesBuildPhase;
			buildActionMask = 2147483647;
			files = (
				9ABDB3AC219306720009807B /* LaunchScreen.storyboard in Resources */,
				9AA0102F22BBEB740022C9B9 /* GoogleService-Info.plist in Resources */,
				9ABDB3A9219306720009807B /* Assets.xcassets in Resources */,
				9AA0102B22BBEB740022C9B9 /* Assets.xcassets in Resources */,
				9AA0102D22BBEB740022C9B9 /* Main.storyboard in Resources */,
				9AA0102C22BBEB740022C9B9 /* LaunchScreen.storyboard in Resources */,
				9AA0102E22BBEB740022C9B9 /* Development_Info.plist in Resources */,
				9ABDB3A7219306720009807B /* Main.storyboard in Resources */,
			);
			runOnlyForDeploymentPostprocessing = 0;
		};
/* End PBXResourcesBuildPhase section */

/* Begin PBXSourcesBuildPhase section */
		9AA0101322BBE8AF0022C9B9 /* Sources */ = {
			isa = PBXSourcesBuildPhase;
			buildActionMask = 2147483647;
			files = (
				9AA0101422BBE8AF0022C9B9 /* ViewController.swift in Sources */,
				9AA0101522BBE8AF0022C9B9 /* AppDelegate.swift in Sources */,
			);
			runOnlyForDeploymentPostprocessing = 0;
		};
		9ABDB39A219306720009807B /* Sources */ = {
			isa = PBXSourcesBuildPhase;
			buildActionMask = 2147483647;
			files = (
				9AA0102A22BBEB740022C9B9 /* AppDelegate.swift in Sources */,
				9ABDB3A4219306720009807B /* ViewController.swift in Sources */,
				9AA0103022BBEB740022C9B9 /* ViewController.swift in Sources */,
				9ABDB3A2219306720009807B /* AppDelegate.swift in Sources */,
			);
			runOnlyForDeploymentPostprocessing = 0;
		};
/* End PBXSourcesBuildPhase section */

/* Begin PBXVariantGroup section */
		9AA0102322BBEB740022C9B9 /* LaunchScreen.storyboard */ = {
			isa = PBXVariantGroup;
			children = (
				9AA0102422BBEB740022C9B9 /* Base */,
			);
			name = LaunchScreen.storyboard;
			sourceTree = "<group>";
		};
		9AA0102522BBEB740022C9B9 /* Main.storyboard */ = {
			isa = PBXVariantGroup;
			children = (
				9AA0102622BBEB740022C9B9 /* Base */,
			);
			name = Main.storyboard;
			sourceTree = "<group>";
		};
		9ABDB3A5219306720009807B /* Main.storyboard */ = {
			isa = PBXVariantGroup;
			children = (
				9ABDB3A6219306720009807B /* Base */,
			);
			name = Main.storyboard;
			sourceTree = "<group>";
		};
		9ABDB3AA219306720009807B /* LaunchScreen.storyboard */ = {
			isa = PBXVariantGroup;
			children = (
				9ABDB3AB219306720009807B /* Base */,
			);
			name = LaunchScreen.storyboard;
			sourceTree = "<group>";
		};
/* End PBXVariantGroup section */

/* Begin XCBuildConfiguration section */
		9AA0101C22BBE8AF0022C9B9 /* Debug */ = {
			isa = XCBuildConfiguration;
			buildSettings = {
				ASSETCATALOG_COMPILER_APPICON_NAME = AppIcon;
				CODE_SIGN_STYLE = Automatic;
				INFOPLIST_FILE = TestSwift/Production_Info.plist;
				LD_RUNPATH_SEARCH_PATHS = "$(inherited) @executable_path/Frameworks";
				PRODUCT_BUNDLE_IDENTIFIER = com.ghanshyam.TestSwift;
				PRODUCT_NAME = "$(TARGET_NAME)";
				SWIFT_VERSION = 4.0;
				TARGETED_DEVICE_FAMILY = "1,2";
			};
			name = Debug;
		};
		9AA0101D22BBE8AF0022C9B9 /* Release */ = {
			isa = XCBuildConfiguration;
			buildSettings = {
				ASSETCATALOG_COMPILER_APPICON_NAME = AppIcon;
				CODE_SIGN_STYLE = Automatic;
				INFOPLIST_FILE = TestSwift/Production_Info.plist;
				LD_RUNPATH_SEARCH_PATHS = "$(inherited) @executable_path/Frameworks";
				PRODUCT_BUNDLE_IDENTIFIER = com.ghanshyam.TestSwift;
				PRODUCT_NAME = "$(TARGET_NAME)";
				SWIFT_VERSION = 4.0;
				TARGETED_DEVICE_FAMILY = "1,2";
			};
			name = Release;
		};
		9ABDB3AE219306720009807B /* Debug */ = {
			isa = XCBuildConfiguration;
			buildSettings = {
				ALWAYS_SEARCH_USER_PATHS = NO;
				CLANG_ANALYZER_NONNULL = YES;
				CLANG_ANALYZER_NUMBER_OBJECT_CONVERSION = YES_AGGRESSIVE;
				CLANG_CXX_LANGUAGE_STANDARD = "gnu++14";
				CLANG_CXX_LIBRARY = "libc++";
				CLANG_ENABLE_MODULES = YES;
				CLANG_ENABLE_OBJC_ARC = YES;
				CLANG_WARN_BLOCK_CAPTURE_AUTORELEASING = YES;
				CLANG_WARN_BOOL_CONVERSION = YES;
				CLANG_WARN_COMMA = YES;
				CLANG_WARN_CONSTANT_CONVERSION = YES;
				CLANG_WARN_DIRECT_OBJC_ISA_USAGE = YES_ERROR;
				CLANG_WARN_DOCUMENTATION_COMMENTS = YES;
				CLANG_WARN_EMPTY_BODY = YES;
				CLANG_WARN_ENUM_CONVERSION = YES;
				CLANG_WARN_INFINITE_RECURSION = YES;
				CLANG_WARN_INT_CONVERSION = YES;
				CLANG_WARN_NON_LITERAL_NULL_CONVERSION = YES;
				CLANG_WARN_OBJC_LITERAL_CONVERSION = YES;
				CLANG_WARN_OBJC_ROOT_CLASS = YES_ERROR;
				CLANG_WARN_RANGE_LOOP_ANALYSIS = YES;
				CLANG_WARN_STRICT_PROTOTYPES = YES;
				CLANG_WARN_SUSPICIOUS_MOVE = YES;
				CLANG_WARN_UNGUARDED_AVAILABILITY = YES_AGGRESSIVE;
				CLANG_WARN_UNREACHABLE_CODE = YES;
				CLANG_WARN__DUPLICATE_METHOD_MATCH = YES;
				CODE_SIGN_IDENTITY = "iPhone Developer";
				COPY_PHASE_STRIP = NO;
				DEBUG_INFORMATION_FORMAT = dwarf;
				ENABLE_STRICT_OBJC_MSGSEND = YES;
				ENABLE_TESTABILITY = YES;
				GCC_C_LANGUAGE_STANDARD = gnu11;
				GCC_DYNAMIC_NO_PIC = NO;
				GCC_NO_COMMON_BLOCKS = YES;
				GCC_OPTIMIZATION_LEVEL = 0;
				GCC_PREPROCESSOR_DEFINITIONS = (
					"DEBUG=1",
					"$(inherited)",
				);
				GCC_WARN_64_TO_32_BIT_CONVERSION = YES;
				GCC_WARN_ABOUT_RETURN_TYPE = YES_ERROR;
				GCC_WARN_UNDECLARED_SELECTOR = YES;
				GCC_WARN_UNINITIALIZED_AUTOS = YES_AGGRESSIVE;
				GCC_WARN_UNUSED_FUNCTION = YES;
				GCC_WARN_UNUSED_VARIABLE = YES;
				IPHONEOS_DEPLOYMENT_TARGET = 11.2;
				MTL_ENABLE_DEBUG_INFO = YES;
				ONLY_ACTIVE_ARCH = YES;
				SDKROOT = iphoneos;
				SWIFT_ACTIVE_COMPILATION_CONDITIONS = DEBUG;
				SWIFT_OPTIMIZATION_LEVEL = "-Onone";
			};
			name = Debug;
		};
		9ABDB3AF219306720009807B /* Release */ = {
			isa = XCBuildConfiguration;
			buildSettings = {
				ALWAYS_SEARCH_USER_PATHS = NO;
				CLANG_ANALYZER_NONNULL = YES;
				CLANG_ANALYZER_NUMBER_OBJECT_CONVERSION = YES_AGGRESSIVE;
				CLANG_CXX_LANGUAGE_STANDARD = "gnu++14";
				CLANG_CXX_LIBRARY = "libc++";
				CLANG_ENABLE_MODULES = YES;
				CLANG_ENABLE_OBJC_ARC = YES;
				CLANG_WARN_BLOCK_CAPTURE_AUTORELEASING = YES;
				CLANG_WARN_BOOL_CONVERSION = YES;
				CLANG_WARN_COMMA = YES;
				CLANG_WARN_CONSTANT_CONVERSION = YES;
				CLANG_WARN_DIRECT_OBJC_ISA_USAGE = YES_ERROR;
				CLANG_WARN_DOCUMENTATION_COMMENTS = YES;
				CLANG_WARN_EMPTY_BODY = YES;
				CLANG_WARN_ENUM_CONVERSION = YES;
				CLANG_WARN_INFINITE_RECURSION = YES;
				CLANG_WARN_INT_CONVERSION = YES;
				CLANG_WARN_NON_LITERAL_NULL_CONVERSION = YES;
				CLANG_WARN_OBJC_LITERAL_CONVERSION = YES;
				CLANG_WARN_OBJC_ROOT_CLASS = YES_ERROR;
				CLANG_WARN_RANGE_LOOP_ANALYSIS = YES;
				CLANG_WARN_STRICT_PROTOTYPES = YES;
				CLANG_WARN_SUSPICIOUS_MOVE = YES;
				CLANG_WARN_UNGUARDED_AVAILABILITY = YES_AGGRESSIVE;
				CLANG_WARN_UNREACHABLE_CODE = YES;
				CLANG_WARN__DUPLICATE_METHOD_MATCH = YES;
				CODE_SIGN_IDENTITY = "iPhone Developer";
				COPY_PHASE_STRIP = NO;
				DEBUG_INFORMATION_FORMAT = "dwarf-with-dsym";
				ENABLE_NS_ASSERTIONS = NO;
				ENABLE_STRICT_OBJC_MSGSEND = YES;
				GCC_C_LANGUAGE_STANDARD = gnu11;
				GCC_NO_COMMON_BLOCKS = YES;
				GCC_WARN_64_TO_32_BIT_CONVERSION = YES;
				GCC_WARN_ABOUT_RETURN_TYPE = YES_ERROR;
				GCC_WARN_UNDECLARED_SELECTOR = YES;
				GCC_WARN_UNINITIALIZED_AUTOS = YES_AGGRESSIVE;
				GCC_WARN_UNUSED_FUNCTION = YES;
				GCC_WARN_UNUSED_VARIABLE = YES;
				IPHONEOS_DEPLOYMENT_TARGET = 11.2;
				MTL_ENABLE_DEBUG_INFO = NO;
				SDKROOT = iphoneos;
				SWIFT_OPTIMIZATION_LEVEL = "-Owholemodule";
				VALIDATE_PRODUCT = YES;
			};
			name = Release;
		};
		9ABDB3B1219306720009807B /* Debug */ = {
			isa = XCBuildConfiguration;
			buildSettings = {
				ASSETCATALOG_COMPILER_APPICON_NAME = AppIcon;
				CODE_SIGN_STYLE = Automatic;
				INFOPLIST_FILE = TestSwift/Development_Info.plist;
				LD_RUNPATH_SEARCH_PATHS = "$(inherited) @executable_path/Frameworks";
				PRODUCT_BUNDLE_IDENTIFIER = com.ghanshyam.TestSwift;
				PRODUCT_NAME = "$(TARGET_NAME)";
				SWIFT_VERSION = 4.0;
				TARGETED_DEVICE_FAMILY = "1,2";
			};
			name = Debug;
		};
		9ABDB3B2219306720009807B /* Release */ = {
			isa = XCBuildConfiguration;
			buildSettings = {
				ASSETCATALOG_COMPILER_APPICON_NAME = AppIcon;
				CODE_SIGN_STYLE = Automatic;
				INFOPLIST_FILE = TestSwift/Development_Info.plist;
				LD_RUNPATH_SEARCH_PATHS = "$(inherited) @executable_path/Frameworks";
				PRODUCT_BUNDLE_IDENTIFIER = com.ghanshyam.TestSwift;
				PRODUCT_NAME = "$(TARGET_NAME)";
				SWIFT_VERSION = 4.0;
				TARGETED_DEVICE_FAMILY = "1,2";
			};
			name = Release;
		};
/* End XCBuildConfiguration section */

/* Begin XCConfigurationList section */
		9AA0101B22BBE8AF0022C9B9 /* Build configuration list for PBXNativeTarget "Production" */ = {
			isa = XCConfigurationList;
			buildConfigurations = (
				9AA0101C22BBE8AF0022C9B9 /* Debug */,
				9AA0101D22BBE8AF0022C9B9 /* Release */,
			);
			defaultConfigurationIsVisible = 0;
			defaultConfigurationName = Release;
		};
		9ABDB399219306720009807B /* Build configuration list for PBXProject "TestSwift" */ = {
			isa = XCConfigurationList;
			buildConfigurations = (
				9ABDB3AE219306720009807B /* Debug */,
				9ABDB3AF219306720009807B /* Release */,
			);
			defaultConfigurationIsVisible = 0;
			defaultConfigurationName = Release;
		};
		9ABDB3B0219306720009807B /* Build configuration list for PBXNativeTarget "Development" */ = {
			isa = XCConfigurationList;
			buildConfigurations = (
				9ABDB3B1219306720009807B /* Debug */,
				9ABDB3B2219306720009807B /* Release */,
			);
			defaultConfigurationIsVisible = 0;
			defaultConfigurationName = Release;
		};
/* End XCConfigurationList section */
	};
	rootObject = 9ABDB396219306720009807B /* Project object */;
}
